// !$*UTF8*$!
{
	archiveVersion = 1;
	classes = {
	};
	objectVersion = 46;
	objects = {

/* Begin PBXBuildFile section */
		525CFB801D913B3B00E3D821 /* AppDelegate.swift in Sources */ = {isa = PBXBuildFile; fileRef = 525CFB7F1D913B3B00E3D821 /* AppDelegate.swift */; };
		525CFB821D913B3B00E3D821 /* ViewController.swift in Sources */ = {isa = PBXBuildFile; fileRef = 525CFB811D913B3B00E3D821 /* ViewController.swift */; };
		525CFB851D913B3B00E3D821 /* Main.storyboard in Resources */ = {isa = PBXBuildFile; fileRef = 525CFB831D913B3B00E3D821 /* Main.storyboard */; };
		525CFB871D913B3B00E3D821 /* Assets.xcassets in Resources */ = {isa = PBXBuildFile; fileRef = 525CFB861D913B3B00E3D821 /* Assets.xcassets */; };
		525CFB8A1D913B3B00E3D821 /* LaunchScreen.storyboard in Resources */ = {isa = PBXBuildFile; fileRef = 525CFB881D913B3B00E3D821 /* LaunchScreen.storyboard */; };
		525CFB951D913B3B00E3D821 /* QRCodeGenTests.swift in Sources */ = {isa = PBXBuildFile; fileRef = 525CFB941D913B3B00E3D821 /* QRCodeGenTests.swift */; };
		525CFBA01D913B3B00E3D821 /* QRCodeGenUITests.swift in Sources */ = {isa = PBXBuildFile; fileRef = 525CFB9F1D913B3B00E3D821 /* QRCodeGenUITests.swift */; };
/* End PBXBuildFile section */

/* Begin PBXContainerItemProxy section */
		525CFB911D913B3B00E3D821 /* PBXContainerItemProxy */ = {
			isa = PBXContainerItemProxy;
			containerPortal = 525CFB741D913B3B00E3D821 /* Project object */;
			proxyType = 1;
			remoteGlobalIDString = 525CFB7B1D913B3B00E3D821;
			remoteInfo = QRCodeGen;
		};
		525CFB9C1D913B3B00E3D821 /* PBXContainerItemProxy */ = {
			isa = PBXContainerItemProxy;
			containerPortal = 525CFB741D913B3B00E3D821 /* Project object */;
			proxyType = 1;
			remoteGlobalIDString = 525CFB7B1D913B3B00E3D821;
			remoteInfo = QRCodeGen;
		};
/* End PBXContainerItemProxy section */

/* Begin PBXFileReference section */
		525CFB7C1D913B3B00E3D821 /* QRCodeGen.app */ = {isa = PBXFileReference; explicitFileType = wrapper.application; includeInIndex = 0; path = QRCodeGen.app; sourceTree = BUILT_PRODUCTS_DIR; };
		525CFB7F1D913B3B00E3D821 /* AppDelegate.swift */ = {isa = PBXFileReference; lastKnownFileType = sourcecode.swift; path = AppDelegate.swift; sourceTree = "<group>"; };
		525CFB811D913B3B00E3D821 /* ViewController.swift */ = {isa = PBXFileReference; lastKnownFileType = sourcecode.swift; path = ViewController.swift; sourceTree = "<group>"; };
		525CFB841D913B3B00E3D821 /* Base */ = {isa = PBXFileReference; lastKnownFileType = file.storyboard; name = Base; path = Base.lproj/Main.storyboard; sourceTree = "<group>"; };
		525CFB861D913B3B00E3D821 /* Assets.xcassets */ = {isa = PBXFileReference; lastKnownFileType = folder.assetcatalog; path = Assets.xcassets; sourceTree = "<group>"; };
		525CFB891D913B3B00E3D821 /* Base */ = {isa = PBXFileReference; lastKnownFileType = file.storyboard; name = Base; path = Base.lproj/LaunchScreen.storyboard; sourceTree = "<group>"; };
		525CFB8B1D913B3B00E3D821 /* Info.plist */ = {isa = PBXFileReference; lastKnownFileType = text.plist.xml; path = Info.plist; sourceTree = "<group>"; };
		525CFB901D913B3B00E3D821 /* QRCodeGenTests.xctest */ = {isa = PBXFileReference; explicitFileType = wrapper.cfbundle; includeInIndex = 0; path = QRCodeGenTests.xctest; sourceTree = BUILT_PRODUCTS_DIR; };
		525CFB941D913B3B00E3D821 /* QRCodeGenTests.swift */ = {isa = PBXFileReference; lastKnownFileType = sourcecode.swift; path = QRCodeGenTests.swift; sourceTree = "<group>"; };
		525CFB961D913B3B00E3D821 /* Info.plist */ = {isa = PBXFileReference; lastKnownFileType = text.plist.xml; path = Info.plist; sourceTree = "<group>"; };
		525CFB9B1D913B3B00E3D821 /* QRCodeGenUITests.xctest */ = {isa = PBXFileReference; explicitFileType = wrapper.cfbundle; includeInIndex = 0; path = QRCodeGenUITests.xctest; sourceTree = BUILT_PRODUCTS_DIR; };
		525CFB9F1D913B3B00E3D821 /* QRCodeGenUITests.swift */ = {isa = PBXFileReference; lastKnownFileType = sourcecode.swift; path = QRCodeGenUITests.swift; sourceTree = "<group>"; };
		525CFBA11D913B3B00E3D821 /* Info.plist */ = {isa = PBXFileReference; lastKnownFileType = text.plist.xml; path = Info.plist; sourceTree = "<group>"; };
/* End PBXFileReference section */

/* Begin PBXFrameworksBuildPhase section */
		525CFB791D913B3B00E3D821 /* Frameworks */ = {
			isa = PBXFrameworksBuildPhase;
			buildActionMask = 2147483647;
			files = (
			);
			runOnlyForDeploymentPostprocessing = 0;
		};
		525CFB8D1D913B3B00E3D821 /* Frameworks */ = {
			isa = PBXFrameworksBuildPhase;
			buildActionMask = 2147483647;
			files = (
			);
			runOnlyForDeploymentPostprocessing = 0;
		};
		525CFB981D913B3B00E3D821 /* Frameworks */ = {
			isa = PBXFrameworksBuildPhase;
			buildActionMask = 2147483647;
			files = (
			);
			runOnlyForDeploymentPostprocessing = 0;
		};
/* End PBXFrameworksBuildPhase section */

/* Begin PBXGroup section */
		525CFB731D913B3B00E3D821 = {
			isa = PBXGroup;
			children = (
				525CFB7E1D913B3B00E3D821 /* QRCodeGen */,
				525CFB931D913B3B00E3D821 /* QRCodeGenTests */,
				525CFB9E1D913B3B00E3D821 /* QRCodeGenUITests */,
				525CFB7D1D913B3B00E3D821 /* Products */,
			);
			sourceTree = "<group>";
		};
		525CFB7D1D913B3B00E3D821 /* Products */ = {
			isa = PBXGroup;
			children = (
				525CFB7C1D913B3B00E3D821 /* QRCodeGen.app */,
				525CFB901D913B3B00E3D821 /* QRCodeGenTests.xctest */,
				525CFB9B1D913B3B00E3D821 /* QRCodeGenUITests.xctest */,
			);
			name = Products;
			sourceTree = "<group>";
		};
		525CFB7E1D913B3B00E3D821 /* QRCodeGen */ = {
			isa = PBXGroup;
			children = (
				525CFB7F1D913B3B00E3D821 /* AppDelegate.swift */,
				525CFB811D913B3B00E3D821 /* ViewController.swift */,
				525CFB831D913B3B00E3D821 /* Main.storyboard */,
				525CFB861D913B3B00E3D821 /* Assets.xcassets */,
				525CFB881D913B3B00E3D821 /* LaunchScreen.storyboard */,
				525CFB8B1D913B3B00E3D821 /* Info.plist */,
			);
			path = QRCodeGen;
			sourceTree = "<group>";
		};
		525CFB931D913B3B00E3D821 /* QRCodeGenTests */ = {
			isa = PBXGroup;
			children = (
				525CFB941D913B3B00E3D821 /* QRCodeGenTests.swift */,
				525CFB961D913B3B00E3D821 /* Info.plist */,
			);
			path = QRCodeGenTests;
			sourceTree = "<group>";
		};
		525CFB9E1D913B3B00E3D821 /* QRCodeGenUITests */ = {
			isa = PBXGroup;
			children = (
				525CFB9F1D913B3B00E3D821 /* QRCodeGenUITests.swift */,
				525CFBA11D913B3B00E3D821 /* Info.plist */,
			);
			path = QRCodeGenUITests;
			sourceTree = "<group>";
		};
/* End PBXGroup section */

/* Begin PBXNativeTarget section */
		525CFB7B1D913B3B00E3D821 /* QRCodeGen */ = {
			isa = PBXNativeTarget;
			buildConfigurationList = 525CFBA41D913B3B00E3D821 /* Build configuration list for PBXNativeTarget "QRCodeGen" */;
			buildPhases = (
				525CFB781D913B3B00E3D821 /* Sources */,
				525CFB791D913B3B00E3D821 /* Frameworks */,
				525CFB7A1D913B3B00E3D821 /* Resources */,
			);
			buildRules = (
			);
			dependencies = (
			);
			name = QRCodeGen;
			productName = QRCodeGen;
			productReference = 525CFB7C1D913B3B00E3D821 /* QRCodeGen.app */;
			productType = "com.apple.product-type.application";
		};
		525CFB8F1D913B3B00E3D821 /* QRCodeGenTests */ = {
			isa = PBXNativeTarget;
			buildConfigurationList = 525CFBA71D913B3B00E3D821 /* Build configuration list for PBXNativeTarget "QRCodeGenTests" */;
			buildPhases = (
				525CFB8C1D913B3B00E3D821 /* Sources */,
				525CFB8D1D913B3B00E3D821 /* Frameworks */,
				525CFB8E1D913B3B00E3D821 /* Resources */,
			);
			buildRules = (
			);
			dependencies = (
				525CFB921D913B3B00E3D821 /* PBXTargetDependency */,
			);
			name = QRCodeGenTests;
			productName = QRCodeGenTests;
			productReference = 525CFB901D913B3B00E3D821 /* QRCodeGenTests.xctest */;
			productType = "com.apple.product-type.bundle.unit-test";
		};
		525CFB9A1D913B3B00E3D821 /* QRCodeGenUITests */ = {
			isa = PBXNativeTarget;
			buildConfigurationList = 525CFBAA1D913B3B00E3D821 /* Build configuration list for PBXNativeTarget "QRCodeGenUITests" */;
			buildPhases = (
				525CFB971D913B3B00E3D821 /* Sources */,
				525CFB981D913B3B00E3D821 /* Frameworks */,
				525CFB991D913B3B00E3D821 /* Resources */,
			);
			buildRules = (
			);
			dependencies = (
				525CFB9D1D913B3B00E3D821 /* PBXTargetDependency */,
			);
			name = QRCodeGenUITests;
			productName = QRCodeGenUITests;
			productReference = 525CFB9B1D913B3B00E3D821 /* QRCodeGenUITests.xctest */;
			productType = "com.apple.product-type.bundle.ui-testing";
		};
/* End PBXNativeTarget section */

/* Begin PBXProject section */
		525CFB741D913B3B00E3D821 /* Project object */ = {
			isa = PBXProject;
			attributes = {
				LastSwiftUpdateCheck = 0730;
				LastUpgradeCheck = 0730;
				ORGANIZATIONNAME = com.NeoRays;
				TargetAttributes = {
					525CFB7B1D913B3B00E3D821 = {
						CreatedOnToolsVersion = 7.3;
					};
					525CFB8F1D913B3B00E3D821 = {
						CreatedOnToolsVersion = 7.3;
						TestTargetID = 525CFB7B1D913B3B00E3D821;
					};
					525CFB9A1D913B3B00E3D821 = {
						CreatedOnToolsVersion = 7.3;
						TestTargetID = 525CFB7B1D913B3B00E3D821;
					};
				};
			};
			buildConfigurationList = 525CFB771D913B3B00E3D821 /* Build configuration list for PBXProject "QRCodeGen" */;
			compatibilityVersion = "Xcode 3.2";
			developmentRegion = English;
			hasScannedForEncodings = 0;
			knownRegions = (
				en,
				Base,
			);
			mainGroup = 525CFB731D913B3B00E3D821;
			productRefGroup = 525CFB7D1D913B3B00E3D821 /* Products */;
			projectDirPath = "";
			projectRoot = "";
			targets = (
				525CFB7B1D913B3B00E3D821 /* QRCodeGen */,
				525CFB8F1D913B3B00E3D821 /* QRCodeGenTests */,
				525CFB9A1D913B3B00E3D821 /* QRCodeGenUITests */,
			);
		};
/* End PBXProject section */

/* Begin PBXResourcesBuildPhase section */
		525CFB7A1D913B3B00E3D821 /* Resources */ = {
			isa = PBXResourcesBuildPhase;
			buildActionMask = 2147483647;
			files = (
				525CFB8A1D913B3B00E3D821 /* LaunchScreen.storyboard in Resources */,
				525CFB871D913B3B00E3D821 /* Assets.xcassets in Resources */,
				525CFB851D913B3B00E3D821 /* Main.storyboard in Resources */,
			);
			runOnlyForDeploymentPostprocessing = 0;
		};
		525CFB8E1D913B3B00E3D821 /* Resources */ = {
			isa = PBXResourcesBuildPhase;
			buildActionMask = 2147483647;
			files = (
			);
			runOnlyForDeploymentPostprocessing = 0;
		};
		525CFB991D913B3B00E3D821 /* Resources */ = {
			isa = PBXResourcesBuildPhase;
			buildActionMask = 2147483647;
			files = (
			);
			runOnlyForDeploymentPostprocessing = 0;
		};
/* End PBXResourcesBuildPhase section */

/* Begin PBXSourcesBuildPhase section */
		525CFB781D913B3B00E3D821 /* Sources */ = {
			isa = PBXSourcesBuildPhase;
			buildActionMask = 2147483647;
			files = (
				525CFB821D913B3B00E3D821 /* ViewController.swift in Sources */,
				525CFB801D913B3B00E3D821 /* AppDelegate.swift in Sources */,
			);
			runOnlyForDeploymentPostprocessing = 0;
		};
		525CFB8C1D913B3B00E3D821 /* Sources */ = {
			isa = PBXSourcesBuildPhase;
			buildActionMask = 2147483647;
			files = (
				525CFB951D913B3B00E3D821 /* QRCodeGenTests.swift in Sources */,
			);
			runOnlyForDeploymentPostprocessing = 0;
		};
		525CFB971D913B3B00E3D821 /* Sources */ = {
			isa = PBXSourcesBuildPhase;
			buildActionMask = 2147483647;
			files = (
				525CFBA01D913B3B00E3D821 /* QRCodeGenUITests.swift in Sources */,
			);
			runOnlyForDeploymentPostprocessing = 0;
		};
/* End PBXSourcesBuildPhase section */

/* Begin PBXTargetDependency section */
		525CFB921D913B3B00E3D821 /* PBXTargetDependency */ = {
			isa = PBXTargetDependency;
			target = 525CFB7B1D913B3B00E3D821 /* QRCodeGen */;
			targetProxy = 525CFB911D913B3B00E3D821 /* PBXContainerItemProxy */;
		};
		525CFB9D1D913B3B00E3D821 /* PBXTargetDependency */ = {
			isa = PBXTargetDependency;
			target = 525CFB7B1D913B3B00E3D821 /* QRCodeGen */;
			targetProxy = 525CFB9C1D913B3B00E3D821 /* PBXContainerItemProxy */;
		};
/* End PBXTargetDependency section */

/* Begin PBXVariantGroup section */
		525CFB831D913B3B00E3D821 /* Main.storyboard */ = {
			isa = PBXVariantGroup;
			children = (
				525CFB841D913B3B00E3D821 /* Base */,
			);
			name = Main.storyboard;
			sourceTree = "<group>";
		};
		525CFB881D913B3B00E3D821 /* LaunchScreen.storyboard */ = {
			isa = PBXVariantGroup;
			children = (
				525CFB891D913B3B00E3D821 /* Base */,
			);
			name = LaunchScreen.storyboard;
			sourceTree = "<group>";
		};
/* End PBXVariantGroup section */

/* Begin XCBuildConfiguration section */
		525CFBA21D913B3B00E3D821 /* Debug */ = {
			isa = XCBuildConfiguration;
			buildSettings = {
				ALWAYS_SEARCH_USER_PATHS = NO;
				CLANG_ANALYZER_NONNULL = YES;
				CLANG_CXX_LANGUAGE_STANDARD = "gnu++0x";
				CLANG_CXX_LIBRARY = "libc++";
				CLANG_ENABLE_MODULES = YES;
				CLANG_ENABLE_OBJC_ARC = YES;
				CLANG_WARN_BOOL_CONVERSION = YES;
				CLANG_WARN_CONSTANT_CONVERSION = YES;
				CLANG_WARN_DIRECT_OBJC_ISA_USAGE = YES_ERROR;
				CLANG_WARN_EMPTY_BODY = YES;
				CLANG_WARN_ENUM_CONVERSION = YES;
				CLANG_WARN_INT_CONVERSION = YES;
				CLANG_WARN_OBJC_ROOT_CLASS = YES_ERROR;
				CLANG_WARN_UNREACHABLE_CODE = YES;
				CLANG_WARN__DUPLICATE_METHOD_MATCH = YES;
				"CODE_SIGN_IDENTITY[sdk=iphoneos*]" = "iPhone Developer";
				COPY_PHASE_STRIP = NO;
				DEBUG_INFORMATION_FORMAT = dwarf;
				ENABLE_STRICT_OBJC_MSGSEND = YES;
				ENABLE_TESTABILITY = YES;
				GCC_C_LANGUAGE_STANDARD = gnu99;
				GCC_DYNAMIC_NO_PIC = NO;
				GCC_NO_COMMON_BLOCKS = YES;
				GCC_OPTIMIZATION_LEVEL = 0;
				GCC_PREPROCESSOR_DEFINITIONS = (
					"DEBUG=1",
					"$(inherited)",
				);
				GCC_WARN_64_TO_32_BIT_CONVERSION = YES;
				GCC_WARN_ABOUT_RETURN_TYPE = YES_ERROR;
				GCC_WARN_UNDECLARED_SELECTOR = YES;
				GCC_WARN_UNINITIALIZED_AUTOS = YES_AGGRESSIVE;
				GCC_WARN_UNUSED_FUNCTION = YES;
				GCC_WARN_UNUSED_VARIABLE = YES;
				IPHONEOS_DEPLOYMENT_TARGET = 9.3;
				MTL_ENABLE_DEBUG_INFO = YES;
				ONLY_ACTIVE_ARCH = YES;
				SDKROOT = iphoneos;
				SWIFT_OPTIMIZATION_LEVEL = "-Onone";
				TARGETED_DEVICE_FAMILY = "1,2";
			};
			name = Debug;
		};
		525CFBA31D913B3B00E3D821 /* Release */ = {
			isa = XCBuildConfiguration;
			buildSettings = {
				ALWAYS_SEARCH_USER_PATHS = NO;
				CLANG_ANALYZER_NONNULL = YES;
				CLANG_CXX_LANGUAGE_STANDARD = "gnu++0x";
				CLANG_CXX_LIBRARY = "libc++";
				CLANG_ENABLE_MODULES = YES;
				CLANG_ENABLE_OBJC_ARC = YES;
				CLANG_WARN_BOOL_CONVERSION = YES;
				CLANG_WARN_CONSTANT_CONVERSION = YES;
				CLANG_WARN_DIRECT_OBJC_ISA_USAGE = YES_ERROR;
				CLANG_WARN_EMPTY_BODY = YES;
				CLANG_WARN_ENUM_CONVERSION = YES;
				CLANG_WARN_INT_CONVERSION = YES;
				CLANG_WARN_OBJC_ROOT_CLASS = YES_ERROR;
				CLANG_WARN_UNREACHABLE_CODE = YES;
				CLANG_WARN__DUPLICATE_METHOD_MATCH = YES;
				"CODE_SIGN_IDENTITY[sdk=iphoneos*]" = "iPhone Developer";
				COPY_PHASE_STRIP = NO;
				DEBUG_INFORMATION_FORMAT = "dwarf-with-dsym";
				ENABLE_NS_ASSERTIONS = NO;
				ENABLE_STRICT_OBJC_MSGSEND = YES;
				GCC_C_LANGUAGE_STANDARD = gnu99;
				GCC_NO_COMMON_BLOCKS = YES;
				GCC_WARN_64_TO_32_BIT_CONVERSION = YES;
				GCC_WARN_ABOUT_RETURN_TYPE = YES_ERROR;
				GCC_WARN_UNDECLARED_SELECTOR = YES;
				GCC_WARN_UNINITIALIZED_AUTOS = YES_AGGRESSIVE;
				GCC_WARN_UNUSED_FUNCTION = YES;
				GCC_WARN_UNUSED_VARIABLE = YES;
				IPHONEOS_DEPLOYMENT_TARGET = 9.3;
				MTL_ENABLE_DEBUG_INFO = NO;
				SDKROOT = iphoneos;
				TARGETED_DEVICE_FAMILY = "1,2";
				VALIDATE_PRODUCT = YES;
			};
			name = Release;
		};
		525CFBA51D913B3B00E3D821 /* Debug */ = {
			isa = XCBuildConfiguration;
			buildSettings = {
				ASSETCATALOG_COMPILER_APPICON_NAME = AppIcon;
				INFOPLIST_FILE = QRCodeGen/Info.plist;
				LD_RUNPATH_SEARCH_PATHS = "$(inherited) @executable_path/Frameworks";
				PRODUCT_BUNDLE_IDENTIFIER = Mahaboob.QRCodeGen;
				PRODUCT_NAME = "$(TARGET_NAME)";
			};
			name = Debug;
		};
		525CFBA61D913B3B00E3D821 /* Release */ = {
			isa = XCBuildConfiguration;
			buildSettings = {
				ASSETCATALOG_COMPILER_APPICON_NAME = AppIcon;
				INFOPLIST_FILE = QRCodeGen/Info.plist;
				LD_RUNPATH_SEARCH_PATHS = "$(inherited) @executable_path/Frameworks";
				PRODUCT_BUNDLE_IDENTIFIER = Mahaboob.QRCodeGen;
				PRODUCT_NAME = "$(TARGET_NAME)";
			};
			name = Release;
		};
		525CFBA81D913B3B00E3D821 /* Debug */ = {
			isa = XCBuildConfiguration;
			buildSettings = {
				BUNDLE_LOADER = "$(TEST_HOST)";
				INFOPLIST_FILE = QRCodeGenTests/Info.plist;
				LD_RUNPATH_SEARCH_PATHS = "$(inherited) @executable_path/Frameworks @loader_path/Frameworks";
				PRODUCT_BUNDLE_IDENTIFIER = Mahaboob.QRCodeGenTests;
				PRODUCT_NAME = "$(TARGET_NAME)";
				TEST_HOST = "$(BUILT_PRODUCTS_DIR)/QRCodeGen.app/QRCodeGen";
			};
			name = Debug;
		};
		525CFBA91D913B3B00E3D821 /* Release */ = {
			isa = XCBuildConfiguration;
			buildSettings = {
				BUNDLE_LOADER = "$(TEST_HOST)";
				INFOPLIST_FILE = QRCodeGenTests/Info.plist;
				LD_RUNPATH_SEARCH_PATHS = "$(inherited) @executable_path/Frameworks @loader_path/Frameworks";
				PRODUCT_BUNDLE_IDENTIFIER = Mahaboob.QRCodeGenTests;
				PRODUCT_NAME = "$(TARGET_NAME)";
				TEST_HOST = "$(BUILT_PRODUCTS_DIR)/QRCodeGen.app/QRCodeGen";
			};
			name = Release;
		};
		525CFBAB1D913B3B00E3D821 /* Debug */ = {
			isa = XCBuildConfiguration;
			buildSettings = {
				INFOPLIST_FILE = QRCodeGenUITests/Info.plist;
				LD_RUNPATH_SEARCH_PATHS = "$(inherited) @executable_path/Frameworks @loader_path/Frameworks";
				PRODUCT_BUNDLE_IDENTIFIER = Mahaboob.QRCodeGenUITests;
				PRODUCT_NAME = "$(TARGET_NAME)";
				TEST_TARGET_NAME = QRCodeGen;
			};
			name = Debug;
		};
		525CFBAC1D913B3B00E3D821 /* Release */ = {
			isa = XCBuildConfiguration;
			buildSettings = {
				INFOPLIST_FILE = QRCodeGenUITests/Info.plist;
				LD_RUNPATH_SEARCH_PATHS = "$(inherited) @executable_path/Frameworks @loader_path/Frameworks";
				PRODUCT_BUNDLE_IDENTIFIER = Mahaboob.QRCodeGenUITests;
				PRODUCT_NAME = "$(TARGET_NAME)";
				TEST_TARGET_NAME = QRCodeGen;
			};
			name = Release;
		};
/* End XCBuildConfiguration section */

/* Begin XCConfigurationList section */
		525CFB771D913B3B00E3D821 /* Build configuration list for PBXProject "QRCodeGen" */ = {
			isa = XCConfigurationList;
			buildConfigurations = (
				525CFBA21D913B3B00E3D821 /* Debug */,
				525CFBA31D913B3B00E3D821 /* Release */,
			);
			defaultConfigurationIsVisible = 0;
			defaultConfigurationName = Release;
		};
		525CFBA41D913B3B00E3D821 /* Build configuration list for PBXNativeTarget "QRCodeGen" */ = {
			isa = XCConfigurationList;
			buildConfigurations = (
				525CFBA51D913B3B00E3D821 /* Debug */,
				525CFBA61D913B3B00E3D821 /* Release */,
			);
			defaultConfigurationIsVisible = 0;
		};
		525CFBA71D913B3B00E3D821 /* Build configuration list for PBXNativeTarget "QRCodeGenTests" */ = {
			isa = XCConfigurationList;
			buildConfigurations = (
				525CFBA81D913B3B00E3D821 /* Debug */,
				525CFBA91D913B3B00E3D821 /* Release */,
			);
			defaultConfigurationIsVisible = 0;
		};
		525CFBAA1D913B3B00E3D821 /* Build configuration list for PBXNativeTarget "QRCodeGenUITests" */ = {
			isa = XCConfigurationList;
			buildConfigurations = (
				525CFBAB1D913B3B00E3D821 /* Debug */,
				525CFBAC1D913B3B00E3D821 /* Release */,
			);
			defaultConfigurationIsVisible = 0;
		};
/* End XCConfigurationList section */
	};
	rootObject = 525CFB741D913B3B00E3D821 /* Project object */;
}
